
Microsoft Visual Studio Solution File, Format Version 12.00
# Visual Studio 15
VisualStudioVersion = 15.0.28010.2026
MinimumVisualStudioVersion = 10.0.40219.1
Project("{6EC3EE1D-3C4E-46DD-8F32-0CC8E7565705}") = "TurtleRunner", "Exercise\TurtleRunner.fsproj", "{E736C08C-F5A6-421A-B5FE-59446CB6A191}"
EndProject
Project("{2150E333-8FDC-42A3-9474-1A3956D46DE8}") = "Solution Items", "Solution Items", "{74F01A5C-7B14-4CA6-976B-0B7E0D954798}"
	ProjectSection(SolutionItems) = preProject
		README.md = README.md
	EndProjectSection
EndProject
Global
	GlobalSection(SolutionConfigurationPlatforms) = preSolution
		Debug|Any CPU = Debug|Any CPU
		Release|Any CPU = Release|Any CPU
	EndGlobalSection
	GlobalSection(ProjectConfigurationPlatforms) = postSolution
		{E736C08C-F5A6-421A-B5FE-59446CB6A191}.Debug|Any CPU.ActiveCfg = Debug|Any CPU
		{E736C08C-F5A6-421A-B5FE-59446CB6A191}.Debug|Any CPU.Build.0 = Debug|Any CPU
		{E736C08C-F5A6-421A-B5FE-59446CB6A191}.Release|Any CPU.ActiveCfg = Release|Any CPU
		{E736C08C-F5A6-421A-B5FE-59446CB6A191}.Release|Any CPU.Build.0 = Release|Any CPU
	EndGlobalSection
	GlobalSection(SolutionProperties) = preSolution
		HideSolutionNode = FALSE
	EndGlobalSection
	GlobalSection(ExtensibilityGlobals) = postSolution
		SolutionGuid = {D1BBA183-69A5-4230-A905-F06272818F6A}
	EndGlobalSection
EndGlobal
